
Microsoft Visual Studio Solution File, Format Version 12.00
# Visual Studio Version 17
VisualStudioVersion = 17.6.33829.357
MinimumVisualStudioVersion = 10.0.40219.1
Project("{8BC9CEB8-8B4A-11D0-8D11-00A0C91BC942}") = "SampleCppDLL", "SampleCppDLL\SampleCppDLL.vcxproj", "{F4B964A7-B211-4034-BB28-2BE07FF208C1}"
EndProject
Project("{8BC9CEB8-8B4A-11D0-8D11-00A0C91BC942}") = "UseSampleCppDLLAsLIB", "UseSampleCppDLLAsLIB\UseSampleCppDLLAsLIB.vcxproj", "{2FCA6892-0BE2-460C-BFFD-C64955661BEC}"
EndProject
Global
	GlobalSection(SolutionConfigurationPlatforms) = preSolution
		Debug|x64 = Debug|x64
		Release|x64 = Release|x64
	EndGlobalSection
	GlobalSection(ProjectConfigurationPlatforms) = postSolution
		{F4B964A7-B211-4034-BB28-2BE07FF208C1}.Debug|x64.ActiveCfg = Debug|x64
		{F4B964A7-B211-4034-BB28-2BE07FF208C1}.Debug|x64.Build.0 = Debug|x64
		{F4B964A7-B211-4034-BB28-2BE07FF208C1}.Release|x64.ActiveCfg = Release|x64
		{F4B964A7-B211-4034-BB28-2BE07FF208C1}.Release|x64.Build.0 = Release|x64
		{2FCA6892-0BE2-460C-BFFD-C64955661BEC}.Debug|x64.ActiveCfg = Debug|x64
		{2FCA6892-0BE2-460C-BFFD-C64955661BEC}.Debug|x64.Build.0 = Debug|x64
		{2FCA6892-0BE2-460C-BFFD-C64955661BEC}.Release|x64.ActiveCfg = Release|x64
		{2FCA6892-0BE2-460C-BFFD-C64955661BEC}.Release|x64.Build.0 = Release|x64
	EndGlobalSection
	GlobalSection(SolutionProperties) = preSolution
		HideSolutionNode = FALSE
	EndGlobalSection
	GlobalSection(ExtensibilityGlobals) = postSolution
		SolutionGuid = {309D2E3B-00B4-4355-892C-CC3BCA55A32B}
	EndGlobalSection
EndGlobal
